
Microsoft Visual Studio Solution File, Format Version 12.00
# Visual Studio Version 16
VisualStudioVersion = 16.0.31005.135
MinimumVisualStudioVersion = 10.0.40219.1
Project("{FAE04EC0-301F-11D3-BF4B-00C04F79EFBC}") = "Shift_of_3_encryption", "Shift_of_3_encryption\Shift_of_3_encryption.csproj", "{8B5A557E-2AAC-4A21-8BAA-F4E70085F934}"
EndProject
Global
	GlobalSection(SolutionConfigurationPlatforms) = preSolution
		Debug|Any CPU = Debug|Any CPU
		Release|Any CPU = Release|Any CPU
	EndGlobalSection
	GlobalSection(ProjectConfigurationPlatforms) = postSolution
		{8B5A557E-2AAC-4A21-8BAA-F4E70085F934}.Debug|Any CPU.ActiveCfg = Debug|Any CPU
		{8B5A557E-2AAC-4A21-8BAA-F4E70085F934}.Debug|Any CPU.Build.0 = Debug|Any CPU
		{8B5A557E-2AAC-4A21-8BAA-F4E70085F934}.Release|Any CPU.ActiveCfg = Release|Any CPU
		{8B5A557E-2AAC-4A21-8BAA-F4E70085F934}.Release|Any CPU.Build.0 = Release|Any CPU
	EndGlobalSection
	GlobalSection(SolutionProperties) = preSolution
		HideSolutionNode = FALSE
	EndGlobalSection
	GlobalSection(ExtensibilityGlobals) = postSolution
		SolutionGuid = {F51289C0-71D4-4605-8F97-351180978D0C}
	EndGlobalSection
EndGlobal
